
Microsoft Visual Studio Solution File, Format Version 12.00
# Visual Studio Version 16
VisualStudioVersion = 16.0.29519.181
MinimumVisualStudioVersion = 10.0.40219.1
Project("{FAE04EC0-301F-11D3-BF4B-00C04F79EFBC}") = "TaskScoreBoard", "TaskScoreBoard\TaskScoreBoard.csproj", "{F8F714F9-229B-4762-AE91-D8FE9AF9810A}"
EndProject
Global
	GlobalSection(SolutionConfigurationPlatforms) = preSolution
		Debug|Any CPU = Debug|Any CPU
		Release|Any CPU = Release|Any CPU
	EndGlobalSection
	GlobalSection(ProjectConfigurationPlatforms) = postSolution
		{F8F714F9-229B-4762-AE91-D8FE9AF9810A}.Debug|Any CPU.ActiveCfg = Debug|Any CPU
		{F8F714F9-229B-4762-AE91-D8FE9AF9810A}.Debug|Any CPU.Build.0 = Debug|Any CPU
		{F8F714F9-229B-4762-AE91-D8FE9AF9810A}.Release|Any CPU.ActiveCfg = Release|Any CPU
		{F8F714F9-229B-4762-AE91-D8FE9AF9810A}.Release|Any CPU.Build.0 = Release|Any CPU
	EndGlobalSection
	GlobalSection(SolutionProperties) = preSolution
		HideSolutionNode = FALSE
	EndGlobalSection
	GlobalSection(ExtensibilityGlobals) = postSolution
		SolutionGuid = {E88283E4-F328-434C-84D7-299749F5E542}
	EndGlobalSection
EndGlobal
