
Microsoft Visual Studio Solution File, Format Version 12.00
# Visual Studio Version 16
VisualStudioVersion = 16.0.29613.14
MinimumVisualStudioVersion = 10.0.40219.1
Project("{FAE04EC0-301F-11D3-BF4B-00C04F79EFBC}") = "DesignPatternsSolutions", "DesignPatternsSolutions\DesignPatternsSolutions.csproj", "{FA58B0DF-796C-4282-926C-904FEAAC61B7}"
EndProject
Global
	GlobalSection(SolutionConfigurationPlatforms) = preSolution
		Debug|Any CPU = Debug|Any CPU
		Release|Any CPU = Release|Any CPU
	EndGlobalSection
	GlobalSection(ProjectConfigurationPlatforms) = postSolution
		{FA58B0DF-796C-4282-926C-904FEAAC61B7}.Debug|Any CPU.ActiveCfg = Debug|Any CPU
		{FA58B0DF-796C-4282-926C-904FEAAC61B7}.Debug|Any CPU.Build.0 = Debug|Any CPU
		{FA58B0DF-796C-4282-926C-904FEAAC61B7}.Release|Any CPU.ActiveCfg = Release|Any CPU
		{FA58B0DF-796C-4282-926C-904FEAAC61B7}.Release|Any CPU.Build.0 = Release|Any CPU
	EndGlobalSection
	GlobalSection(SolutionProperties) = preSolution
		HideSolutionNode = FALSE
	EndGlobalSection
	GlobalSection(ExtensibilityGlobals) = postSolution
		SolutionGuid = {F0CE706C-E193-4FCE-8F9E-F6DEC10CA46E}
	EndGlobalSection
EndGlobal
